// !$*UTF8*$!
{
	archiveVersion = 1;
	classes = {
	};
	objectVersion = 56;
	objects = {

/* Begin PBXBuildFile section */
		CE1202162B2BF4F9004F81E7 /* AppDelegate.swift in Sources */ = {isa = PBXBuildFile; fileRef = CE1202152B2BF4F9004F81E7 /* AppDelegate.swift */; };
		CE1202182B2BF4F9004F81E7 /* SceneDelegate.swift in Sources */ = {isa = PBXBuildFile; fileRef = CE1202172B2BF4F9004F81E7 /* SceneDelegate.swift */; };
		CE12021A2B2BF4F9004F81E7 /* ViewController.swift in Sources */ = {isa = PBXBuildFile; fileRef = CE1202192B2BF4F9004F81E7 /* ViewController.swift */; };
		CE12021D2B2BF4F9004F81E7 /* Main.storyboard in Resources */ = {isa = PBXBuildFile; fileRef = CE12021B2B2BF4F9004F81E7 /* Main.storyboard */; };
		CE12021F2B2BF500004F81E7 /* Assets.xcassets in Resources */ = {isa = PBXBuildFile; fileRef = CE12021E2B2BF500004F81E7 /* Assets.xcassets */; };
		CE1202222B2BF500004F81E7 /* LaunchScreen.storyboard in Resources */ = {isa = PBXBuildFile; fileRef = CE1202202B2BF500004F81E7 /* LaunchScreen.storyboard */; };
		CE12022D2B2BF500004F81E7 /* MarketCoinSwiftTests.swift in Sources */ = {isa = PBXBuildFile; fileRef = CE12022C2B2BF500004F81E7 /* MarketCoinSwiftTests.swift */; };
		CE1202372B2BF500004F81E7 /* MarketCoinSwiftUITests.swift in Sources */ = {isa = PBXBuildFile; fileRef = CE1202362B2BF500004F81E7 /* MarketCoinSwiftUITests.swift */; };
		CE1202392B2BF500004F81E7 /* MarketCoinSwiftUITestsLaunchTests.swift in Sources */ = {isa = PBXBuildFile; fileRef = CE1202382B2BF500004F81E7 /* MarketCoinSwiftUITestsLaunchTests.swift */; };
		CEB58E262B32449600D1D9F7 /* CoinModel.swift in Sources */ = {isa = PBXBuildFile; fileRef = CEB58E252B32449600D1D9F7 /* CoinModel.swift */; };
		CEB58E282B3248E400D1D9F7 /* CurrentDataModel.swift in Sources */ = {isa = PBXBuildFile; fileRef = CEB58E272B3248E400D1D9F7 /* CurrentDataModel.swift */; };
		CEB58E2A2B324E8500D1D9F7 /* MarketCharModel.swift in Sources */ = {isa = PBXBuildFile; fileRef = CEB58E292B324E8500D1D9F7 /* MarketCharModel.swift */; };
		CEB58E2C2B324F2100D1D9F7 /* GraphicDataModel.swift in Sources */ = {isa = PBXBuildFile; fileRef = CEB58E2B2B324F2100D1D9F7 /* GraphicDataModel.swift */; };
		CEB58E2E2B324FA500D1D9F7 /* GlobalModel.swift in Sources */ = {isa = PBXBuildFile; fileRef = CEB58E2D2B324FA500D1D9F7 /* GlobalModel.swift */; };
		CEB58E332B32519C00D1D9F7 /* GenericDataProvider.swift in Sources */ = {isa = PBXBuildFile; fileRef = CEB58E322B32519C00D1D9F7 /* GenericDataProvider.swift */; };
/* End PBXBuildFile section */

/* Begin PBXContainerItemProxy section */
		CE1202292B2BF500004F81E7 /* PBXContainerItemProxy */ = {
			isa = PBXContainerItemProxy;
			containerPortal = CE12020A2B2BF4F9004F81E7 /* Project object */;
			proxyType = 1;
			remoteGlobalIDString = CE1202112B2BF4F9004F81E7;
			remoteInfo = MarketCoinSwift;
		};
		CE1202332B2BF500004F81E7 /* PBXContainerItemProxy */ = {
			isa = PBXContainerItemProxy;
			containerPortal = CE12020A2B2BF4F9004F81E7 /* Project object */;
			proxyType = 1;
			remoteGlobalIDString = CE1202112B2BF4F9004F81E7;
			remoteInfo = MarketCoinSwift;
		};
/* End PBXContainerItemProxy section */

/* Begin PBXFileReference section */
		CE1202122B2BF4F9004F81E7 /* MarketCoinSwift.app */ = {isa = PBXFileReference; explicitFileType = wrapper.application; includeInIndex = 0; path = MarketCoinSwift.app; sourceTree = BUILT_PRODUCTS_DIR; };
		CE1202152B2BF4F9004F81E7 /* AppDelegate.swift */ = {isa = PBXFileReference; lastKnownFileType = sourcecode.swift; path = AppDelegate.swift; sourceTree = "<group>"; };
		CE1202172B2BF4F9004F81E7 /* SceneDelegate.swift */ = {isa = PBXFileReference; lastKnownFileType = sourcecode.swift; path = SceneDelegate.swift; sourceTree = "<group>"; };
		CE1202192B2BF4F9004F81E7 /* ViewController.swift */ = {isa = PBXFileReference; lastKnownFileType = sourcecode.swift; path = ViewController.swift; sourceTree = "<group>"; };
		CE12021C2B2BF4F9004F81E7 /* Base */ = {isa = PBXFileReference; lastKnownFileType = file.storyboard; name = Base; path = Base.lproj/Main.storyboard; sourceTree = "<group>"; };
		CE12021E2B2BF500004F81E7 /* Assets.xcassets */ = {isa = PBXFileReference; lastKnownFileType = folder.assetcatalog; path = Assets.xcassets; sourceTree = "<group>"; };
		CE1202212B2BF500004F81E7 /* Base */ = {isa = PBXFileReference; lastKnownFileType = file.storyboard; name = Base; path = Base.lproj/LaunchScreen.storyboard; sourceTree = "<group>"; };
		CE1202232B2BF500004F81E7 /* Info.plist */ = {isa = PBXFileReference; lastKnownFileType = text.plist.xml; path = Info.plist; sourceTree = "<group>"; };
		CE1202282B2BF500004F81E7 /* MarketCoinSwiftTests.xctest */ = {isa = PBXFileReference; explicitFileType = wrapper.cfbundle; includeInIndex = 0; path = MarketCoinSwiftTests.xctest; sourceTree = BUILT_PRODUCTS_DIR; };
		CE12022C2B2BF500004F81E7 /* MarketCoinSwiftTests.swift */ = {isa = PBXFileReference; lastKnownFileType = sourcecode.swift; path = MarketCoinSwiftTests.swift; sourceTree = "<group>"; };
		CE1202322B2BF500004F81E7 /* MarketCoinSwiftUITests.xctest */ = {isa = PBXFileReference; explicitFileType = wrapper.cfbundle; includeInIndex = 0; path = MarketCoinSwiftUITests.xctest; sourceTree = BUILT_PRODUCTS_DIR; };
		CE1202362B2BF500004F81E7 /* MarketCoinSwiftUITests.swift */ = {isa = PBXFileReference; lastKnownFileType = sourcecode.swift; path = MarketCoinSwiftUITests.swift; sourceTree = "<group>"; };
		CE1202382B2BF500004F81E7 /* MarketCoinSwiftUITestsLaunchTests.swift */ = {isa = PBXFileReference; lastKnownFileType = sourcecode.swift; path = MarketCoinSwiftUITestsLaunchTests.swift; sourceTree = "<group>"; };
		CEB58E252B32449600D1D9F7 /* CoinModel.swift */ = {isa = PBXFileReference; lastKnownFileType = sourcecode.swift; path = CoinModel.swift; sourceTree = "<group>"; };
		CEB58E272B3248E400D1D9F7 /* CurrentDataModel.swift */ = {isa = PBXFileReference; lastKnownFileType = sourcecode.swift; path = CurrentDataModel.swift; sourceTree = "<group>"; };
		CEB58E292B324E8500D1D9F7 /* MarketCharModel.swift */ = {isa = PBXFileReference; lastKnownFileType = sourcecode.swift; path = MarketCharModel.swift; sourceTree = "<group>"; };
		CEB58E2B2B324F2100D1D9F7 /* GraphicDataModel.swift */ = {isa = PBXFileReference; lastKnownFileType = sourcecode.swift; path = GraphicDataModel.swift; sourceTree = "<group>"; };
		CEB58E2D2B324FA500D1D9F7 /* GlobalModel.swift */ = {isa = PBXFileReference; lastKnownFileType = sourcecode.swift; path = GlobalModel.swift; sourceTree = "<group>"; };
		CEB58E322B32519C00D1D9F7 /* GenericDataProvider.swift */ = {isa = PBXFileReference; lastKnownFileType = sourcecode.swift; path = GenericDataProvider.swift; sourceTree = "<group>"; };
/* End PBXFileReference section */

/* Begin PBXFrameworksBuildPhase section */
		CE12020F2B2BF4F9004F81E7 /* Frameworks */ = {
			isa = PBXFrameworksBuildPhase;
			buildActionMask = 2147483647;
			files = (
			);
			runOnlyForDeploymentPostprocessing = 0;
		};
		CE1202252B2BF500004F81E7 /* Frameworks */ = {
			isa = PBXFrameworksBuildPhase;
			buildActionMask = 2147483647;
			files = (
			);
			runOnlyForDeploymentPostprocessing = 0;
		};
		CE12022F2B2BF500004F81E7 /* Frameworks */ = {
			isa = PBXFrameworksBuildPhase;
			buildActionMask = 2147483647;
			files = (
			);
			runOnlyForDeploymentPostprocessing = 0;
		};
/* End PBXFrameworksBuildPhase section */

/* Begin PBXGroup section */
		CE1202092B2BF4F9004F81E7 = {
			isa = PBXGroup;
			children = (
				CE1202462B2BF619004F81E7 /* Domain */,
				CE1202142B2BF4F9004F81E7 /* MarketCoinSwift */,
				CE12022B2B2BF500004F81E7 /* MarketCoinSwiftTests */,
				CE1202352B2BF500004F81E7 /* MarketCoinSwiftUITests */,
				CE1202132B2BF4F9004F81E7 /* Products */,
			);
			sourceTree = "<group>";
		};
		CE1202132B2BF4F9004F81E7 /* Products */ = {
			isa = PBXGroup;
			children = (
				CE1202122B2BF4F9004F81E7 /* MarketCoinSwift.app */,
				CE1202282B2BF500004F81E7 /* MarketCoinSwiftTests.xctest */,
				CE1202322B2BF500004F81E7 /* MarketCoinSwiftUITests.xctest */,
			);
			name = Products;
			sourceTree = "<group>";
		};
		CE1202142B2BF4F9004F81E7 /* MarketCoinSwift */ = {
			isa = PBXGroup;
			children = (
				CE1202152B2BF4F9004F81E7 /* AppDelegate.swift */,
				CE1202172B2BF4F9004F81E7 /* SceneDelegate.swift */,
				CE1202192B2BF4F9004F81E7 /* ViewController.swift */,
				CE12021B2B2BF4F9004F81E7 /* Main.storyboard */,
				CE12021E2B2BF500004F81E7 /* Assets.xcassets */,
				CE1202202B2BF500004F81E7 /* LaunchScreen.storyboard */,
				CE1202232B2BF500004F81E7 /* Info.plist */,
			);
			path = MarketCoinSwift;
			sourceTree = "<group>";
		};
		CE12022B2B2BF500004F81E7 /* MarketCoinSwiftTests */ = {
			isa = PBXGroup;
			children = (
				CE12022C2B2BF500004F81E7 /* MarketCoinSwiftTests.swift */,
			);
			path = MarketCoinSwiftTests;
			sourceTree = "<group>";
		};
		CE1202352B2BF500004F81E7 /* MarketCoinSwiftUITests */ = {
			isa = PBXGroup;
			children = (
				CE1202362B2BF500004F81E7 /* MarketCoinSwiftUITests.swift */,
				CE1202382B2BF500004F81E7 /* MarketCoinSwiftUITestsLaunchTests.swift */,
			);
			path = MarketCoinSwiftUITests;
			sourceTree = "<group>";
		};
		CE1202462B2BF619004F81E7 /* Domain */ = {
			isa = PBXGroup;
			children = (
				CEB58E242B32410400D1D9F7 /* Models */,
				CE1202472B2BF626004F81E7 /* DataProvider */,
			);
			path = Domain;
			sourceTree = "<group>";
		};
		CE1202472B2BF626004F81E7 /* DataProvider */ = {
			isa = PBXGroup;
			children = (
				CEB58E312B32517000D1D9F7 /* NetWorkRepository */,
			);
			path = DataProvider;
			sourceTree = "<group>";
		};
		CEB58E242B32410400D1D9F7 /* Models */ = {
			isa = PBXGroup;
			children = (
				CEB58E252B32449600D1D9F7 /* CoinModel.swift */,
				CEB58E272B3248E400D1D9F7 /* CurrentDataModel.swift */,
				CEB58E292B324E8500D1D9F7 /* MarketCharModel.swift */,
				CEB58E2B2B324F2100D1D9F7 /* GraphicDataModel.swift */,
				CEB58E2D2B324FA500D1D9F7 /* GlobalModel.swift */,
			);
			path = Models;
			sourceTree = "<group>";
		};
		CEB58E312B32517000D1D9F7 /* NetWorkRepository */ = {
			isa = PBXGroup;
			children = (
				CEB58E322B32519C00D1D9F7 /* GenericDataProvider.swift */,
			);
			path = NetWorkRepository;
			sourceTree = "<group>";
		};
/* End PBXGroup section */

/* Begin PBXNativeTarget section */
		CE1202112B2BF4F9004F81E7 /* MarketCoinSwift */ = {
			isa = PBXNativeTarget;
			buildConfigurationList = CE12023C2B2BF500004F81E7 /* Build configuration list for PBXNativeTarget "MarketCoinSwift" */;
			buildPhases = (
				CE12020E2B2BF4F9004F81E7 /* Sources */,
				CE12020F2B2BF4F9004F81E7 /* Frameworks */,
				CE1202102B2BF4F9004F81E7 /* Resources */,
			);
			buildRules = (
			);
			dependencies = (
			);
			name = MarketCoinSwift;
			productName = MarketCoinSwift;
			productReference = CE1202122B2BF4F9004F81E7 /* MarketCoinSwift.app */;
			productType = "com.apple.product-type.application";
		};
		CE1202272B2BF500004F81E7 /* MarketCoinSwiftTests */ = {
			isa = PBXNativeTarget;
			buildConfigurationList = CE12023F2B2BF500004F81E7 /* Build configuration list for PBXNativeTarget "MarketCoinSwiftTests" */;
			buildPhases = (
				CE1202242B2BF500004F81E7 /* Sources */,
				CE1202252B2BF500004F81E7 /* Frameworks */,
				CE1202262B2BF500004F81E7 /* Resources */,
			);
			buildRules = (
			);
			dependencies = (
				CE12022A2B2BF500004F81E7 /* PBXTargetDependency */,
			);
			name = MarketCoinSwiftTests;
			productName = MarketCoinSwiftTests;
			productReference = CE1202282B2BF500004F81E7 /* MarketCoinSwiftTests.xctest */;
			productType = "com.apple.product-type.bundle.unit-test";
		};
		CE1202312B2BF500004F81E7 /* MarketCoinSwiftUITests */ = {
			isa = PBXNativeTarget;
			buildConfigurationList = CE1202422B2BF500004F81E7 /* Build configuration list for PBXNativeTarget "MarketCoinSwiftUITests" */;
			buildPhases = (
				CE12022E2B2BF500004F81E7 /* Sources */,
				CE12022F2B2BF500004F81E7 /* Frameworks */,
				CE1202302B2BF500004F81E7 /* Resources */,
			);
			buildRules = (
			);
			dependencies = (
				CE1202342B2BF500004F81E7 /* PBXTargetDependency */,
			);
			name = MarketCoinSwiftUITests;
			productName = MarketCoinSwiftUITests;
			productReference = CE1202322B2BF500004F81E7 /* MarketCoinSwiftUITests.xctest */;
			productType = "com.apple.product-type.bundle.ui-testing";
		};
/* End PBXNativeTarget section */

/* Begin PBXProject section */
		CE12020A2B2BF4F9004F81E7 /* Project object */ = {
			isa = PBXProject;
			attributes = {
				BuildIndependentTargetsInParallel = 1;
				LastSwiftUpdateCheck = 1500;
				LastUpgradeCheck = 1500;
				TargetAttributes = {
					CE1202112B2BF4F9004F81E7 = {
						CreatedOnToolsVersion = 15.0.1;
					};
					CE1202272B2BF500004F81E7 = {
						CreatedOnToolsVersion = 15.0.1;
						TestTargetID = CE1202112B2BF4F9004F81E7;
					};
					CE1202312B2BF500004F81E7 = {
						CreatedOnToolsVersion = 15.0.1;
						TestTargetID = CE1202112B2BF4F9004F81E7;
					};
				};
			};
			buildConfigurationList = CE12020D2B2BF4F9004F81E7 /* Build configuration list for PBXProject "MarketCoinSwift" */;
			compatibilityVersion = "Xcode 14.0";
			developmentRegion = en;
			hasScannedForEncodings = 0;
			knownRegions = (
				en,
				Base,
			);
			mainGroup = CE1202092B2BF4F9004F81E7;
			productRefGroup = CE1202132B2BF4F9004F81E7 /* Products */;
			projectDirPath = "";
			projectRoot = "";
			targets = (
				CE1202112B2BF4F9004F81E7 /* MarketCoinSwift */,
				CE1202272B2BF500004F81E7 /* MarketCoinSwiftTests */,
				CE1202312B2BF500004F81E7 /* MarketCoinSwiftUITests */,
			);
		};
/* End PBXProject section */

/* Begin PBXResourcesBuildPhase section */
		CE1202102B2BF4F9004F81E7 /* Resources */ = {
			isa = PBXResourcesBuildPhase;
			buildActionMask = 2147483647;
			files = (
				CE1202222B2BF500004F81E7 /* LaunchScreen.storyboard in Resources */,
				CE12021F2B2BF500004F81E7 /* Assets.xcassets in Resources */,
				CE12021D2B2BF4F9004F81E7 /* Main.storyboard in Resources */,
			);
			runOnlyForDeploymentPostprocessing = 0;
		};
		CE1202262B2BF500004F81E7 /* Resources */ = {
			isa = PBXResourcesBuildPhase;
			buildActionMask = 2147483647;
			files = (
			);
			runOnlyForDeploymentPostprocessing = 0;
		};
		CE1202302B2BF500004F81E7 /* Resources */ = {
			isa = PBXResourcesBuildPhase;
			buildActionMask = 2147483647;
			files = (
			);
			runOnlyForDeploymentPostprocessing = 0;
		};
/* End PBXResourcesBuildPhase section */

/* Begin PBXSourcesBuildPhase section */
		CE12020E2B2BF4F9004F81E7 /* Sources */ = {
			isa = PBXSourcesBuildPhase;
			buildActionMask = 2147483647;
			files = (
				CEB58E262B32449600D1D9F7 /* CoinModel.swift in Sources */,
				CE12021A2B2BF4F9004F81E7 /* ViewController.swift in Sources */,
				CEB58E2C2B324F2100D1D9F7 /* GraphicDataModel.swift in Sources */,
				CE1202162B2BF4F9004F81E7 /* AppDelegate.swift in Sources */,
				CEB58E2A2B324E8500D1D9F7 /* MarketCharModel.swift in Sources */,
				CEB58E282B3248E400D1D9F7 /* CurrentDataModel.swift in Sources */,
				CEB58E2E2B324FA500D1D9F7 /* GlobalModel.swift in Sources */,
				CEB58E332B32519C00D1D9F7 /* GenericDataProvider.swift in Sources */,
				CE1202182B2BF4F9004F81E7 /* SceneDelegate.swift in Sources */,
			);
			runOnlyForDeploymentPostprocessing = 0;
		};
		CE1202242B2BF500004F81E7 /* Sources */ = {
			isa = PBXSourcesBuildPhase;
			buildActionMask = 2147483647;
			files = (
				CE12022D2B2BF500004F81E7 /* MarketCoinSwiftTests.swift in Sources */,
			);
			runOnlyForDeploymentPostprocessing = 0;
		};
		CE12022E2B2BF500004F81E7 /* Sources */ = {
			isa = PBXSourcesBuildPhase;
			buildActionMask = 2147483647;
			files = (
				CE1202372B2BF500004F81E7 /* MarketCoinSwiftUITests.swift in Sources */,
				CE1202392B2BF500004F81E7 /* MarketCoinSwiftUITestsLaunchTests.swift in Sources */,
			);
			runOnlyForDeploymentPostprocessing = 0;
		};
/* End PBXSourcesBuildPhase section */

/* Begin PBXTargetDependency section */
		CE12022A2B2BF500004F81E7 /* PBXTargetDependency */ = {
			isa = PBXTargetDependency;
			target = CE1202112B2BF4F9004F81E7 /* MarketCoinSwift */;
			targetProxy = CE1202292B2BF500004F81E7 /* PBXContainerItemProxy */;
		};
		CE1202342B2BF500004F81E7 /* PBXTargetDependency */ = {
			isa = PBXTargetDependency;
			target = CE1202112B2BF4F9004F81E7 /* MarketCoinSwift */;
			targetProxy = CE1202332B2BF500004F81E7 /* PBXContainerItemProxy */;
		};
/* End PBXTargetDependency section */

/* Begin PBXVariantGroup section */
		CE12021B2B2BF4F9004F81E7 /* Main.storyboard */ = {
			isa = PBXVariantGroup;
			children = (
				CE12021C2B2BF4F9004F81E7 /* Base */,
			);
			name = Main.storyboard;
			sourceTree = "<group>";
		};
		CE1202202B2BF500004F81E7 /* LaunchScreen.storyboard */ = {
			isa = PBXVariantGroup;
			children = (
				CE1202212B2BF500004F81E7 /* Base */,
			);
			name = LaunchScreen.storyboard;
			sourceTree = "<group>";
		};
/* End PBXVariantGroup section */

/* Begin XCBuildConfiguration section */
		CE12023A2B2BF500004F81E7 /* Debug */ = {
			isa = XCBuildConfiguration;
			buildSettings = {
				ALWAYS_SEARCH_USER_PATHS = NO;
				ASSETCATALOG_COMPILER_GENERATE_SWIFT_ASSET_SYMBOL_EXTENSIONS = YES;
				CLANG_ANALYZER_NONNULL = YES;
				CLANG_ANALYZER_NUMBER_OBJECT_CONVERSION = YES_AGGRESSIVE;
				CLANG_CXX_LANGUAGE_STANDARD = "gnu++20";
				CLANG_ENABLE_MODULES = YES;
				CLANG_ENABLE_OBJC_ARC = YES;
				CLANG_ENABLE_OBJC_WEAK = YES;
				CLANG_WARN_BLOCK_CAPTURE_AUTORELEASING = YES;
				CLANG_WARN_BOOL_CONVERSION = YES;
				CLANG_WARN_COMMA = YES;
				CLANG_WARN_CONSTANT_CONVERSION = YES;
				CLANG_WARN_DEPRECATED_OBJC_IMPLEMENTATIONS = YES;
				CLANG_WARN_DIRECT_OBJC_ISA_USAGE = YES_ERROR;
				CLANG_WARN_DOCUMENTATION_COMMENTS = YES;
				CLANG_WARN_EMPTY_BODY = YES;
				CLANG_WARN_ENUM_CONVERSION = YES;
				CLANG_WARN_INFINITE_RECURSION = YES;
				CLANG_WARN_INT_CONVERSION = YES;
				CLANG_WARN_NON_LITERAL_NULL_CONVERSION = YES;
				CLANG_WARN_OBJC_IMPLICIT_RETAIN_SELF = YES;
				CLANG_WARN_OBJC_LITERAL_CONVERSION = YES;
				CLANG_WARN_OBJC_ROOT_CLASS = YES_ERROR;
				CLANG_WARN_QUOTED_INCLUDE_IN_FRAMEWORK_HEADER = YES;
				CLANG_WARN_RANGE_LOOP_ANALYSIS = YES;
				CLANG_WARN_STRICT_PROTOTYPES = YES;
				CLANG_WARN_SUSPICIOUS_MOVE = YES;
				CLANG_WARN_UNGUARDED_AVAILABILITY = YES_AGGRESSIVE;
				CLANG_WARN_UNREACHABLE_CODE = YES;
				CLANG_WARN__DUPLICATE_METHOD_MATCH = YES;
				COPY_PHASE_STRIP = NO;
				DEBUG_INFORMATION_FORMAT = dwarf;
				ENABLE_STRICT_OBJC_MSGSEND = YES;
				ENABLE_TESTABILITY = YES;
				ENABLE_USER_SCRIPT_SANDBOXING = YES;
				GCC_C_LANGUAGE_STANDARD = gnu17;
				GCC_DYNAMIC_NO_PIC = NO;
				GCC_NO_COMMON_BLOCKS = YES;
				GCC_OPTIMIZATION_LEVEL = 0;
				GCC_PREPROCESSOR_DEFINITIONS = (
					"DEBUG=1",
					"$(inherited)",
				);
				GCC_WARN_64_TO_32_BIT_CONVERSION = YES;
				GCC_WARN_ABOUT_RETURN_TYPE = YES_ERROR;
				GCC_WARN_UNDECLARED_SELECTOR = YES;
				GCC_WARN_UNINITIALIZED_AUTOS = YES_AGGRESSIVE;
				GCC_WARN_UNUSED_FUNCTION = YES;
				GCC_WARN_UNUSED_VARIABLE = YES;
				IPHONEOS_DEPLOYMENT_TARGET = 17.0;
				LOCALIZATION_PREFERS_STRING_CATALOGS = YES;
				MTL_ENABLE_DEBUG_INFO = INCLUDE_SOURCE;
				MTL_FAST_MATH = YES;
				ONLY_ACTIVE_ARCH = YES;
				SDKROOT = iphoneos;
				SWIFT_ACTIVE_COMPILATION_CONDITIONS = "DEBUG $(inherited)";
				SWIFT_OPTIMIZATION_LEVEL = "-Onone";
			};
			name = Debug;
		};
		CE12023B2B2BF500004F81E7 /* Release */ = {
			isa = XCBuildConfiguration;
			buildSettings = {
				ALWAYS_SEARCH_USER_PATHS = NO;
				ASSETCATALOG_COMPILER_GENERATE_SWIFT_ASSET_SYMBOL_EXTENSIONS = YES;
				CLANG_ANALYZER_NONNULL = YES;
				CLANG_ANALYZER_NUMBER_OBJECT_CONVERSION = YES_AGGRESSIVE;
				CLANG_CXX_LANGUAGE_STANDARD = "gnu++20";
				CLANG_ENABLE_MODULES = YES;
				CLANG_ENABLE_OBJC_ARC = YES;
				CLANG_ENABLE_OBJC_WEAK = YES;
				CLANG_WARN_BLOCK_CAPTURE_AUTORELEASING = YES;
				CLANG_WARN_BOOL_CONVERSION = YES;
				CLANG_WARN_COMMA = YES;
				CLANG_WARN_CONSTANT_CONVERSION = YES;
				CLANG_WARN_DEPRECATED_OBJC_IMPLEMENTATIONS = YES;
				CLANG_WARN_DIRECT_OBJC_ISA_USAGE = YES_ERROR;
				CLANG_WARN_DOCUMENTATION_COMMENTS = YES;
				CLANG_WARN_EMPTY_BODY = YES;
				CLANG_WARN_ENUM_CONVERSION = YES;
				CLANG_WARN_INFINITE_RECURSION = YES;
				CLANG_WARN_INT_CONVERSION = YES;
				CLANG_WARN_NON_LITERAL_NULL_CONVERSION = YES;
				CLANG_WARN_OBJC_IMPLICIT_RETAIN_SELF = YES;
				CLANG_WARN_OBJC_LITERAL_CONVERSION = YES;
				CLANG_WARN_OBJC_ROOT_CLASS = YES_ERROR;
				CLANG_WARN_QUOTED_INCLUDE_IN_FRAMEWORK_HEADER = YES;
				CLANG_WARN_RANGE_LOOP_ANALYSIS = YES;
				CLANG_WARN_STRICT_PROTOTYPES = YES;
				CLANG_WARN_SUSPICIOUS_MOVE = YES;
				CLANG_WARN_UNGUARDED_AVAILABILITY = YES_AGGRESSIVE;
				CLANG_WARN_UNREACHABLE_CODE = YES;
				CLANG_WARN__DUPLICATE_METHOD_MATCH = YES;
				COPY_PHASE_STRIP = NO;
				DEBUG_INFORMATION_FORMAT = "dwarf-with-dsym";
				ENABLE_NS_ASSERTIONS = NO;
				ENABLE_STRICT_OBJC_MSGSEND = YES;
				ENABLE_USER_SCRIPT_SANDBOXING = YES;
				GCC_C_LANGUAGE_STANDARD = gnu17;
				GCC_NO_COMMON_BLOCKS = YES;
				GCC_WARN_64_TO_32_BIT_CONVERSION = YES;
				GCC_WARN_ABOUT_RETURN_TYPE = YES_ERROR;
				GCC_WARN_UNDECLARED_SELECTOR = YES;
				GCC_WARN_UNINITIALIZED_AUTOS = YES_AGGRESSIVE;
				GCC_WARN_UNUSED_FUNCTION = YES;
				GCC_WARN_UNUSED_VARIABLE = YES;
				IPHONEOS_DEPLOYMENT_TARGET = 17.0;
				LOCALIZATION_PREFERS_STRING_CATALOGS = YES;
				MTL_ENABLE_DEBUG_INFO = NO;
				MTL_FAST_MATH = YES;
				SDKROOT = iphoneos;
				SWIFT_COMPILATION_MODE = wholemodule;
				VALIDATE_PRODUCT = YES;
			};
			name = Release;
		};
		CE12023D2B2BF500004F81E7 /* Debug */ = {
			isa = XCBuildConfiguration;
			buildSettings = {
				ASSETCATALOG_COMPILER_APPICON_NAME = AppIcon;
				ASSETCATALOG_COMPILER_GLOBAL_ACCENT_COLOR_NAME = AccentColor;
				CODE_SIGN_STYLE = Automatic;
				CURRENT_PROJECT_VERSION = 1;
				GENERATE_INFOPLIST_FILE = YES;
				INFOPLIST_FILE = MarketCoinSwift/Info.plist;
				INFOPLIST_KEY_LSApplicationCategoryType = "public.app-category.finance";
				INFOPLIST_KEY_UIApplicationSupportsIndirectInputEvents = YES;
				INFOPLIST_KEY_UILaunchStoryboardName = LaunchScreen;
				INFOPLIST_KEY_UIMainStoryboardFile = Main;
				INFOPLIST_KEY_UISupportedInterfaceOrientations = UIInterfaceOrientationPortrait;
				INFOPLIST_KEY_UISupportedInterfaceOrientations_iPad = "UIInterfaceOrientationLandscapeLeft UIInterfaceOrientationLandscapeRight UIInterfaceOrientationPortrait UIInterfaceOrientationPortraitUpsideDown";
				IPHONEOS_DEPLOYMENT_TARGET = 13.0;
				LD_RUNPATH_SEARCH_PATHS = (
					"$(inherited)",
					"@executable_path/Frameworks",
				);
				MARKETING_VERSION = 1.0;
				PRODUCT_BUNDLE_IDENTIFIER = yago.cardoso.ymtech.MarketCoinSwift;
				PRODUCT_NAME = "$(TARGET_NAME)";
				SUPPORTED_PLATFORMS = "iphoneos iphonesimulator";
				SUPPORTS_MACCATALYST = NO;
				SUPPORTS_MAC_DESIGNED_FOR_IPHONE_IPAD = NO;
				SWIFT_EMIT_LOC_STRINGS = YES;
				SWIFT_VERSION = 5.0;
				TARGETED_DEVICE_FAMILY = 1;
			};
			name = Debug;
		};
		CE12023E2B2BF500004F81E7 /* Release */ = {
			isa = XCBuildConfiguration;
			buildSettings = {
				ASSETCATALOG_COMPILER_APPICON_NAME = AppIcon;
				ASSETCATALOG_COMPILER_GLOBAL_ACCENT_COLOR_NAME = AccentColor;
				CODE_SIGN_STYLE = Automatic;
				CURRENT_PROJECT_VERSION = 1;
				GENERATE_INFOPLIST_FILE = YES;
				INFOPLIST_FILE = MarketCoinSwift/Info.plist;
				INFOPLIST_KEY_LSApplicationCategoryType = "public.app-category.finance";
				INFOPLIST_KEY_UIApplicationSupportsIndirectInputEvents = YES;
				INFOPLIST_KEY_UILaunchStoryboardName = LaunchScreen;
				INFOPLIST_KEY_UIMainStoryboardFile = Main;
				INFOPLIST_KEY_UISupportedInterfaceOrientations = UIInterfaceOrientationPortrait;
				INFOPLIST_KEY_UISupportedInterfaceOrientations_iPad = "UIInterfaceOrientationLandscapeLeft UIInterfaceOrientationLandscapeRight UIInterfaceOrientationPortrait UIInterfaceOrientationPortraitUpsideDown";
				IPHONEOS_DEPLOYMENT_TARGET = 13.0;
				LD_RUNPATH_SEARCH_PATHS = (
					"$(inherited)",
					"@executable_path/Frameworks",
				);
				MARKETING_VERSION = 1.0;
				PRODUCT_BUNDLE_IDENTIFIER = yago.cardoso.ymtech.MarketCoinSwift;
				PRODUCT_NAME = "$(TARGET_NAME)";
				SUPPORTED_PLATFORMS = "iphoneos iphonesimulator";
				SUPPORTS_MACCATALYST = NO;
				SUPPORTS_MAC_DESIGNED_FOR_IPHONE_IPAD = NO;
				SWIFT_EMIT_LOC_STRINGS = YES;
				SWIFT_VERSION = 5.0;
				TARGETED_DEVICE_FAMILY = 1;
			};
			name = Release;
		};
		CE1202402B2BF500004F81E7 /* Debug */ = {
			isa = XCBuildConfiguration;
			buildSettings = {
				ALWAYS_EMBED_SWIFT_STANDARD_LIBRARIES = YES;
				BUNDLE_LOADER = "$(TEST_HOST)";
				CODE_SIGN_STYLE = Automatic;
				CURRENT_PROJECT_VERSION = 1;
				GENERATE_INFOPLIST_FILE = YES;
				IPHONEOS_DEPLOYMENT_TARGET = 17.0;
				MARKETING_VERSION = 1.0;
				PRODUCT_BUNDLE_IDENTIFIER = yago.cardoso.ymtech.MarketCoinSwiftTests;
				PRODUCT_NAME = "$(TARGET_NAME)";
				SWIFT_EMIT_LOC_STRINGS = NO;
				SWIFT_VERSION = 5.0;
				TARGETED_DEVICE_FAMILY = "1,2";
				TEST_HOST = "$(BUILT_PRODUCTS_DIR)/MarketCoinSwift.app/$(BUNDLE_EXECUTABLE_FOLDER_PATH)/MarketCoinSwift";
			};
			name = Debug;
		};
		CE1202412B2BF500004F81E7 /* Release */ = {
			isa = XCBuildConfiguration;
			buildSettings = {
				ALWAYS_EMBED_SWIFT_STANDARD_LIBRARIES = YES;
				BUNDLE_LOADER = "$(TEST_HOST)";
				CODE_SIGN_STYLE = Automatic;
				CURRENT_PROJECT_VERSION = 1;
				GENERATE_INFOPLIST_FILE = YES;
				IPHONEOS_DEPLOYMENT_TARGET = 17.0;
				MARKETING_VERSION = 1.0;
				PRODUCT_BUNDLE_IDENTIFIER = yago.cardoso.ymtech.MarketCoinSwiftTests;
				PRODUCT_NAME = "$(TARGET_NAME)";
				SWIFT_EMIT_LOC_STRINGS = NO;
				SWIFT_VERSION = 5.0;
				TARGETED_DEVICE_FAMILY = "1,2";
				TEST_HOST = "$(BUILT_PRODUCTS_DIR)/MarketCoinSwift.app/$(BUNDLE_EXECUTABLE_FOLDER_PATH)/MarketCoinSwift";
			};
			name = Release;
		};
		CE1202432B2BF500004F81E7 /* Debug */ = {
			isa = XCBuildConfiguration;
			buildSettings = {
				ALWAYS_EMBED_SWIFT_STANDARD_LIBRARIES = YES;
				CODE_SIGN_STYLE = Automatic;
				CURRENT_PROJECT_VERSION = 1;
				GENERATE_INFOPLIST_FILE = YES;
				MARKETING_VERSION = 1.0;
				PRODUCT_BUNDLE_IDENTIFIER = yago.cardoso.ymtech.MarketCoinSwiftUITests;
				PRODUCT_NAME = "$(TARGET_NAME)";
				SWIFT_EMIT_LOC_STRINGS = NO;
				SWIFT_VERSION = 5.0;
				TARGETED_DEVICE_FAMILY = "1,2";
				TEST_TARGET_NAME = MarketCoinSwift;
			};
			name = Debug;
		};
		CE1202442B2BF500004F81E7 /* Release */ = {
			isa = XCBuildConfiguration;
			buildSettings = {
				ALWAYS_EMBED_SWIFT_STANDARD_LIBRARIES = YES;
				CODE_SIGN_STYLE = Automatic;
				CURRENT_PROJECT_VERSION = 1;
				GENERATE_INFOPLIST_FILE = YES;
				MARKETING_VERSION = 1.0;
				PRODUCT_BUNDLE_IDENTIFIER = yago.cardoso.ymtech.MarketCoinSwiftUITests;
				PRODUCT_NAME = "$(TARGET_NAME)";
				SWIFT_EMIT_LOC_STRINGS = NO;
				SWIFT_VERSION = 5.0;
				TARGETED_DEVICE_FAMILY = "1,2";
				TEST_TARGET_NAME = MarketCoinSwift;
			};
			name = Release;
		};
/* End XCBuildConfiguration section */

/* Begin XCConfigurationList section */
		CE12020D2B2BF4F9004F81E7 /* Build configuration list for PBXProject "MarketCoinSwift" */ = {
			isa = XCConfigurationList;
			buildConfigurations = (
				CE12023A2B2BF500004F81E7 /* Debug */,
				CE12023B2B2BF500004F81E7 /* Release */,
			);
			defaultConfigurationIsVisible = 0;
			defaultConfigurationName = Release;
		};
		CE12023C2B2BF500004F81E7 /* Build configuration list for PBXNativeTarget "MarketCoinSwift" */ = {
			isa = XCConfigurationList;
			buildConfigurations = (
				CE12023D2B2BF500004F81E7 /* Debug */,
				CE12023E2B2BF500004F81E7 /* Release */,
			);
			defaultConfigurationIsVisible = 0;
			defaultConfigurationName = Release;
		};
		CE12023F2B2BF500004F81E7 /* Build configuration list for PBXNativeTarget "MarketCoinSwiftTests" */ = {
			isa = XCConfigurationList;
			buildConfigurations = (
				CE1202402B2BF500004F81E7 /* Debug */,
				CE1202412B2BF500004F81E7 /* Release */,
			);
			defaultConfigurationIsVisible = 0;
			defaultConfigurationName = Release;
		};
		CE1202422B2BF500004F81E7 /* Build configuration list for PBXNativeTarget "MarketCoinSwiftUITests" */ = {
			isa = XCConfigurationList;
			buildConfigurations = (
				CE1202432B2BF500004F81E7 /* Debug */,
				CE1202442B2BF500004F81E7 /* Release */,
			);
			defaultConfigurationIsVisible = 0;
			defaultConfigurationName = Release;
		};
/* End XCConfigurationList section */
	};
	rootObject = CE12020A2B2BF4F9004F81E7 /* Project object */;
}
